
Microsoft Visual Studio Solution File, Format Version 12.00
# Visual Studio 2013
VisualStudioVersion = 12.0.21005.1
MinimumVisualStudioVersion = 10.0.40219.1
Project("{FAE04EC0-301F-11D3-BF4B-00C04F79EFBC}") = "ITI.Text2UML", "Text2UML\ITI.Text2UML.csproj", "{B48640AD-44D6-462A-B8C8-417B10D54743}"
EndProject
Project("{2150E333-8FDC-42A3-9474-1A3956D46DE8}") = ".nuget", ".nuget", "{9272B028-E645-42E3-9525-171B614EB14D}"
	ProjectSection(SolutionItems) = preProject
		.nuget\packages.config = .nuget\packages.config
	EndProjectSection
EndProject
Project("{FAE04EC0-301F-11D3-BF4B-00C04F79EFBC}") = "ITI.Text2UML.Tests", "ITI.Text2UML.Tests\ITI.Text2UML.Tests.csproj", "{5E7C2D58-8E3B-46F7-AA5D-766D8E277ED5}"
EndProject
Project("{FAE04EC0-301F-11D3-BF4B-00C04F79EFBC}") = "UMLShapes", "UMLShapes\UMLShapes.csproj", "{3DCB7C3C-E40E-403F-AA45-173855F4DD81}"
EndProject
Global
	GlobalSection(SolutionConfigurationPlatforms) = preSolution
		Debug|Any CPU = Debug|Any CPU
		Release|Any CPU = Release|Any CPU
	EndGlobalSection
	GlobalSection(ProjectConfigurationPlatforms) = postSolution
		{B48640AD-44D6-462A-B8C8-417B10D54743}.Debug|Any CPU.ActiveCfg = Debug|Any CPU
		{B48640AD-44D6-462A-B8C8-417B10D54743}.Debug|Any CPU.Build.0 = Debug|Any CPU
		{B48640AD-44D6-462A-B8C8-417B10D54743}.Release|Any CPU.ActiveCfg = Release|Any CPU
		{B48640AD-44D6-462A-B8C8-417B10D54743}.Release|Any CPU.Build.0 = Release|Any CPU
		{5E7C2D58-8E3B-46F7-AA5D-766D8E277ED5}.Debug|Any CPU.ActiveCfg = Debug|Any CPU
		{5E7C2D58-8E3B-46F7-AA5D-766D8E277ED5}.Debug|Any CPU.Build.0 = Debug|Any CPU
		{5E7C2D58-8E3B-46F7-AA5D-766D8E277ED5}.Release|Any CPU.ActiveCfg = Release|Any CPU
		{5E7C2D58-8E3B-46F7-AA5D-766D8E277ED5}.Release|Any CPU.Build.0 = Release|Any CPU
		{3DCB7C3C-E40E-403F-AA45-173855F4DD81}.Debug|Any CPU.ActiveCfg = Debug|Any CPU
		{3DCB7C3C-E40E-403F-AA45-173855F4DD81}.Debug|Any CPU.Build.0 = Debug|Any CPU
		{3DCB7C3C-E40E-403F-AA45-173855F4DD81}.Release|Any CPU.ActiveCfg = Release|Any CPU
		{3DCB7C3C-E40E-403F-AA45-173855F4DD81}.Release|Any CPU.Build.0 = Release|Any CPU
	EndGlobalSection
	GlobalSection(SolutionProperties) = preSolution
		HideSolutionNode = FALSE
	EndGlobalSection
EndGlobal
